
Microsoft Visual Studio Solution File, Format Version 12.00
# Visual Studio 15
VisualStudioVersion = 15.0.28307.271
MinimumVisualStudioVersion = 10.0.40219.1
Project("{FAE04EC0-301F-11D3-BF4B-00C04F79EFBC}") = "threadtest", "threadtest\threadtest.csproj", "{5F7CA4EA-0799-44BC-AD64-61E208910978}"
EndProject
Global
	GlobalSection(SolutionConfigurationPlatforms) = preSolution
		Debug|Any CPU = Debug|Any CPU
		Release|Any CPU = Release|Any CPU
	EndGlobalSection
	GlobalSection(ProjectConfigurationPlatforms) = postSolution
		{5F7CA4EA-0799-44BC-AD64-61E208910978}.Debug|Any CPU.ActiveCfg = Debug|Any CPU
		{5F7CA4EA-0799-44BC-AD64-61E208910978}.Debug|Any CPU.Build.0 = Debug|Any CPU
		{5F7CA4EA-0799-44BC-AD64-61E208910978}.Release|Any CPU.ActiveCfg = Release|Any CPU
		{5F7CA4EA-0799-44BC-AD64-61E208910978}.Release|Any CPU.Build.0 = Release|Any CPU
	EndGlobalSection
	GlobalSection(SolutionProperties) = preSolution
		HideSolutionNode = FALSE
	EndGlobalSection
	GlobalSection(ExtensibilityGlobals) = postSolution
		SolutionGuid = {4B425A5F-9E0B-4774-AE43-03A1888EE506}
	EndGlobalSection
EndGlobal
